
Microsoft Visual Studio Solution File, Format Version 12.00
# Visual Studio Version 17
VisualStudioVersion = 17.14.36301.6 d17.14
MinimumVisualStudioVersion = 10.0.40219.1
Project("{FAE04EC0-301F-11D3-BF4B-00C04F79EFBC}") = "Avrora", "Avrora.csproj", "{FE58C992-F399-4AE6-851A-FD4E813DAE44}"
EndProject
Global
	GlobalSection(SolutionConfigurationPlatforms) = preSolution
		Debug|Any CPU = Debug|Any CPU
		Release|Any CPU = Release|Any CPU
	EndGlobalSection
	GlobalSection(ProjectConfigurationPlatforms) = postSolution
		{FE58C992-F399-4AE6-851A-FD4E813DAE44}.Debug|Any CPU.ActiveCfg = Debug|Any CPU
		{FE58C992-F399-4AE6-851A-FD4E813DAE44}.Debug|Any CPU.Build.0 = Debug|Any CPU
		{FE58C992-F399-4AE6-851A-FD4E813DAE44}.Release|Any CPU.ActiveCfg = Release|Any CPU
		{FE58C992-F399-4AE6-851A-FD4E813DAE44}.Release|Any CPU.Build.0 = Release|Any CPU
	EndGlobalSection
	GlobalSection(SolutionProperties) = preSolution
		HideSolutionNode = FALSE
	EndGlobalSection
	GlobalSection(ExtensibilityGlobals) = postSolution
		SolutionGuid = {D4CD3C74-8ECA-47F2-8071-FA682BA70B81}
	EndGlobalSection
EndGlobal
